// !$*UTF8*$!
{
	archiveVersion = 1;
	classes = {
	};
	objectVersion = 50;
	objects = {

/* Begin PBXBuildFile section */
		1543147426C8CB0300223F54 /* AppDelegate.swift in Sources */ = {isa = PBXBuildFile; fileRef = 1543147326C8CB0300223F54 /* AppDelegate.swift */; };
		1543147626C8CB0300223F54 /* SceneDelegate.swift in Sources */ = {isa = PBXBuildFile; fileRef = 1543147526C8CB0300223F54 /* SceneDelegate.swift */; };
		1543147826C8CB0300223F54 /* ContentView.swift in Sources */ = {isa = PBXBuildFile; fileRef = 1543147726C8CB0300223F54 /* ContentView.swift */; };
		1543147B26C8CB0300223F54 /* FacebookClone1.xcdatamodeld in Sources */ = {isa = PBXBuildFile; fileRef = 1543147926C8CB0300223F54 /* FacebookClone1.xcdatamodeld */; };
		1543147D26C8CB0700223F54 /* Assets.xcassets in Resources */ = {isa = PBXBuildFile; fileRef = 1543147C26C8CB0700223F54 /* Assets.xcassets */; };
		1543148026C8CB0700223F54 /* Preview Assets.xcassets in Resources */ = {isa = PBXBuildFile; fileRef = 1543147F26C8CB0700223F54 /* Preview Assets.xcassets */; };
		1543148326C8CB0700223F54 /* LaunchScreen.storyboard in Resources */ = {isa = PBXBuildFile; fileRef = 1543148126C8CB0700223F54 /* LaunchScreen.storyboard */; };
		1543148E26C8CB0700223F54 /* FacebookClone1Tests.swift in Sources */ = {isa = PBXBuildFile; fileRef = 1543148D26C8CB0700223F54 /* FacebookClone1Tests.swift */; };
		1543149926C8CB0700223F54 /* FacebookClone1UITests.swift in Sources */ = {isa = PBXBuildFile; fileRef = 1543149826C8CB0700223F54 /* FacebookClone1UITests.swift */; };
/* End PBXBuildFile section */

/* Begin PBXContainerItemProxy section */
		1543148A26C8CB0700223F54 /* PBXContainerItemProxy */ = {
			isa = PBXContainerItemProxy;
			containerPortal = 1543146826C8CB0200223F54 /* Project object */;
			proxyType = 1;
			remoteGlobalIDString = 1543146F26C8CB0300223F54;
			remoteInfo = FacebookClone1;
		};
		1543149526C8CB0700223F54 /* PBXContainerItemProxy */ = {
			isa = PBXContainerItemProxy;
			containerPortal = 1543146826C8CB0200223F54 /* Project object */;
			proxyType = 1;
			remoteGlobalIDString = 1543146F26C8CB0300223F54;
			remoteInfo = FacebookClone1;
		};
/* End PBXContainerItemProxy section */

/* Begin PBXFileReference section */
		1543147026C8CB0300223F54 /* FacebookClone1.app */ = {isa = PBXFileReference; explicitFileType = wrapper.application; includeInIndex = 0; path = FacebookClone1.app; sourceTree = BUILT_PRODUCTS_DIR; };
		1543147326C8CB0300223F54 /* AppDelegate.swift */ = {isa = PBXFileReference; lastKnownFileType = sourcecode.swift; path = AppDelegate.swift; sourceTree = "<group>"; };
		1543147526C8CB0300223F54 /* SceneDelegate.swift */ = {isa = PBXFileReference; lastKnownFileType = sourcecode.swift; path = SceneDelegate.swift; sourceTree = "<group>"; };
		1543147726C8CB0300223F54 /* ContentView.swift */ = {isa = PBXFileReference; lastKnownFileType = sourcecode.swift; path = ContentView.swift; sourceTree = "<group>"; };
		1543147A26C8CB0300223F54 /* FacebookClone1.xcdatamodel */ = {isa = PBXFileReference; lastKnownFileType = wrapper.xcdatamodel; path = FacebookClone1.xcdatamodel; sourceTree = "<group>"; };
		1543147C26C8CB0700223F54 /* Assets.xcassets */ = {isa = PBXFileReference; lastKnownFileType = folder.assetcatalog; path = Assets.xcassets; sourceTree = "<group>"; };
		1543147F26C8CB0700223F54 /* Preview Assets.xcassets */ = {isa = PBXFileReference; lastKnownFileType = folder.assetcatalog; path = "Preview Assets.xcassets"; sourceTree = "<group>"; };
		1543148226C8CB0700223F54 /* Base */ = {isa = PBXFileReference; lastKnownFileType = file.storyboard; name = Base; path = Base.lproj/LaunchScreen.storyboard; sourceTree = "<group>"; };
		1543148426C8CB0700223F54 /* Info.plist */ = {isa = PBXFileReference; lastKnownFileType = text.plist.xml; path = Info.plist; sourceTree = "<group>"; };
		1543148926C8CB0700223F54 /* FacebookClone1Tests.xctest */ = {isa = PBXFileReference; explicitFileType = wrapper.cfbundle; includeInIndex = 0; path = FacebookClone1Tests.xctest; sourceTree = BUILT_PRODUCTS_DIR; };
		1543148D26C8CB0700223F54 /* FacebookClone1Tests.swift */ = {isa = PBXFileReference; lastKnownFileType = sourcecode.swift; path = FacebookClone1Tests.swift; sourceTree = "<group>"; };
		1543148F26C8CB0700223F54 /* Info.plist */ = {isa = PBXFileReference; lastKnownFileType = text.plist.xml; path = Info.plist; sourceTree = "<group>"; };
		1543149426C8CB0700223F54 /* FacebookClone1UITests.xctest */ = {isa = PBXFileReference; explicitFileType = wrapper.cfbundle; includeInIndex = 0; path = FacebookClone1UITests.xctest; sourceTree = BUILT_PRODUCTS_DIR; };
		1543149826C8CB0700223F54 /* FacebookClone1UITests.swift */ = {isa = PBXFileReference; lastKnownFileType = sourcecode.swift; path = FacebookClone1UITests.swift; sourceTree = "<group>"; };
		1543149A26C8CB0700223F54 /* Info.plist */ = {isa = PBXFileReference; lastKnownFileType = text.plist.xml; path = Info.plist; sourceTree = "<group>"; };
/* End PBXFileReference section */

/* Begin PBXFrameworksBuildPhase section */
		1543146D26C8CB0300223F54 /* Frameworks */ = {
			isa = PBXFrameworksBuildPhase;
			buildActionMask = 2147483647;
			files = (
			);
			runOnlyForDeploymentPostprocessing = 0;
		};
		1543148626C8CB0700223F54 /* Frameworks */ = {
			isa = PBXFrameworksBuildPhase;
			buildActionMask = 2147483647;
			files = (
			);
			runOnlyForDeploymentPostprocessing = 0;
		};
		1543149126C8CB0700223F54 /* Frameworks */ = {
			isa = PBXFrameworksBuildPhase;
			buildActionMask = 2147483647;
			files = (
			);
			runOnlyForDeploymentPostprocessing = 0;
		};
/* End PBXFrameworksBuildPhase section */

/* Begin PBXGroup section */
		1543146726C8CB0200223F54 = {
			isa = PBXGroup;
			children = (
				1543147226C8CB0300223F54 /* FacebookClone1 */,
				1543148C26C8CB0700223F54 /* FacebookClone1Tests */,
				1543149726C8CB0700223F54 /* FacebookClone1UITests */,
				1543147126C8CB0300223F54 /* Products */,
			);
			sourceTree = "<group>";
		};
		1543147126C8CB0300223F54 /* Products */ = {
			isa = PBXGroup;
			children = (
				1543147026C8CB0300223F54 /* FacebookClone1.app */,
				1543148926C8CB0700223F54 /* FacebookClone1Tests.xctest */,
				1543149426C8CB0700223F54 /* FacebookClone1UITests.xctest */,
			);
			name = Products;
			sourceTree = "<group>";
		};
		1543147226C8CB0300223F54 /* FacebookClone1 */ = {
			isa = PBXGroup;
			children = (
				1543147326C8CB0300223F54 /* AppDelegate.swift */,
				1543147526C8CB0300223F54 /* SceneDelegate.swift */,
				1543147726C8CB0300223F54 /* ContentView.swift */,
				1543147C26C8CB0700223F54 /* Assets.xcassets */,
				1543148126C8CB0700223F54 /* LaunchScreen.storyboard */,
				1543148426C8CB0700223F54 /* Info.plist */,
				1543147926C8CB0300223F54 /* FacebookClone1.xcdatamodeld */,
				1543147E26C8CB0700223F54 /* Preview Content */,
			);
			path = FacebookClone1;
			sourceTree = "<group>";
		};
		1543147E26C8CB0700223F54 /* Preview Content */ = {
			isa = PBXGroup;
			children = (
				1543147F26C8CB0700223F54 /* Preview Assets.xcassets */,
			);
			path = "Preview Content";
			sourceTree = "<group>";
		};
		1543148C26C8CB0700223F54 /* FacebookClone1Tests */ = {
			isa = PBXGroup;
			children = (
				1543148D26C8CB0700223F54 /* FacebookClone1Tests.swift */,
				1543148F26C8CB0700223F54 /* Info.plist */,
			);
			path = FacebookClone1Tests;
			sourceTree = "<group>";
		};
		1543149726C8CB0700223F54 /* FacebookClone1UITests */ = {
			isa = PBXGroup;
			children = (
				1543149826C8CB0700223F54 /* FacebookClone1UITests.swift */,
				1543149A26C8CB0700223F54 /* Info.plist */,
			);
			path = FacebookClone1UITests;
			sourceTree = "<group>";
		};
/* End PBXGroup section */

/* Begin PBXNativeTarget section */
		1543146F26C8CB0300223F54 /* FacebookClone1 */ = {
			isa = PBXNativeTarget;
			buildConfigurationList = 1543149D26C8CB0700223F54 /* Build configuration list for PBXNativeTarget "FacebookClone1" */;
			buildPhases = (
				1543146C26C8CB0300223F54 /* Sources */,
				1543146D26C8CB0300223F54 /* Frameworks */,
				1543146E26C8CB0300223F54 /* Resources */,
			);
			buildRules = (
			);
			dependencies = (
			);
			name = FacebookClone1;
			productName = FacebookClone1;
			productReference = 1543147026C8CB0300223F54 /* FacebookClone1.app */;
			productType = "com.apple.product-type.application";
		};
		1543148826C8CB0700223F54 /* FacebookClone1Tests */ = {
			isa = PBXNativeTarget;
			buildConfigurationList = 154314A026C8CB0700223F54 /* Build configuration list for PBXNativeTarget "FacebookClone1Tests" */;
			buildPhases = (
				1543148526C8CB0700223F54 /* Sources */,
				1543148626C8CB0700223F54 /* Frameworks */,
				1543148726C8CB0700223F54 /* Resources */,
			);
			buildRules = (
			);
			dependencies = (
				1543148B26C8CB0700223F54 /* PBXTargetDependency */,
			);
			name = FacebookClone1Tests;
			productName = FacebookClone1Tests;
			productReference = 1543148926C8CB0700223F54 /* FacebookClone1Tests.xctest */;
			productType = "com.apple.product-type.bundle.unit-test";
		};
		1543149326C8CB0700223F54 /* FacebookClone1UITests */ = {
			isa = PBXNativeTarget;
			buildConfigurationList = 154314A326C8CB0700223F54 /* Build configuration list for PBXNativeTarget "FacebookClone1UITests" */;
			buildPhases = (
				1543149026C8CB0700223F54 /* Sources */,
				1543149126C8CB0700223F54 /* Frameworks */,
				1543149226C8CB0700223F54 /* Resources */,
			);
			buildRules = (
			);
			dependencies = (
				1543149626C8CB0700223F54 /* PBXTargetDependency */,
			);
			name = FacebookClone1UITests;
			productName = FacebookClone1UITests;
			productReference = 1543149426C8CB0700223F54 /* FacebookClone1UITests.xctest */;
			productType = "com.apple.product-type.bundle.ui-testing";
		};
/* End PBXNativeTarget section */

/* Begin PBXProject section */
		1543146826C8CB0200223F54 /* Project object */ = {
			isa = PBXProject;
			attributes = {
				LastSwiftUpdateCheck = 1250;
				LastUpgradeCheck = 1250;
				TargetAttributes = {
					1543146F26C8CB0300223F54 = {
						CreatedOnToolsVersion = 12.5.1;
					};
					1543148826C8CB0700223F54 = {
						CreatedOnToolsVersion = 12.5.1;
						TestTargetID = 1543146F26C8CB0300223F54;
					};
					1543149326C8CB0700223F54 = {
						CreatedOnToolsVersion = 12.5.1;
						TestTargetID = 1543146F26C8CB0300223F54;
					};
				};
			};
			buildConfigurationList = 1543146B26C8CB0200223F54 /* Build configuration list for PBXProject "FacebookClone1" */;
			compatibilityVersion = "Xcode 9.3";
			developmentRegion = en;
			hasScannedForEncodings = 0;
			knownRegions = (
				en,
				Base,
			);
			mainGroup = 1543146726C8CB0200223F54;
			productRefGroup = 1543147126C8CB0300223F54 /* Products */;
			projectDirPath = "";
			projectRoot = "";
			targets = (
				1543146F26C8CB0300223F54 /* FacebookClone1 */,
				1543148826C8CB0700223F54 /* FacebookClone1Tests */,
				1543149326C8CB0700223F54 /* FacebookClone1UITests */,
			);
		};
/* End PBXProject section */

/* Begin PBXResourcesBuildPhase section */
		1543146E26C8CB0300223F54 /* Resources */ = {
			isa = PBXResourcesBuildPhase;
			buildActionMask = 2147483647;
			files = (
				1543148326C8CB0700223F54 /* LaunchScreen.storyboard in Resources */,
				1543148026C8CB0700223F54 /* Preview Assets.xcassets in Resources */,
				1543147D26C8CB0700223F54 /* Assets.xcassets in Resources */,
			);
			runOnlyForDeploymentPostprocessing = 0;
		};
		1543148726C8CB0700223F54 /* Resources */ = {
			isa = PBXResourcesBuildPhase;
			buildActionMask = 2147483647;
			files = (
			);
			runOnlyForDeploymentPostprocessing = 0;
		};
		1543149226C8CB0700223F54 /* Resources */ = {
			isa = PBXResourcesBuildPhase;
			buildActionMask = 2147483647;
			files = (
			);
			runOnlyForDeploymentPostprocessing = 0;
		};
/* End PBXResourcesBuildPhase section */

/* Begin PBXSourcesBuildPhase section */
		1543146C26C8CB0300223F54 /* Sources */ = {
			isa = PBXSourcesBuildPhase;
			buildActionMask = 2147483647;
			files = (
				1543147426C8CB0300223F54 /* AppDelegate.swift in Sources */,
				1543147626C8CB0300223F54 /* SceneDelegate.swift in Sources */,
				1543147826C8CB0300223F54 /* ContentView.swift in Sources */,
				1543147B26C8CB0300223F54 /* FacebookClone1.xcdatamodeld in Sources */,
			);
			runOnlyForDeploymentPostprocessing = 0;
		};
		1543148526C8CB0700223F54 /* Sources */ = {
			isa = PBXSourcesBuildPhase;
			buildActionMask = 2147483647;
			files = (
				1543148E26C8CB0700223F54 /* FacebookClone1Tests.swift in Sources */,
			);
			runOnlyForDeploymentPostprocessing = 0;
		};
		1543149026C8CB0700223F54 /* Sources */ = {
			isa = PBXSourcesBuildPhase;
			buildActionMask = 2147483647;
			files = (
				1543149926C8CB0700223F54 /* FacebookClone1UITests.swift in Sources */,
			);
			runOnlyForDeploymentPostprocessing = 0;
		};
/* End PBXSourcesBuildPhase section */

/* Begin PBXTargetDependency section */
		1543148B26C8CB0700223F54 /* PBXTargetDependency */ = {
			isa = PBXTargetDependency;
			target = 1543146F26C8CB0300223F54 /* FacebookClone1 */;
			targetProxy = 1543148A26C8CB0700223F54 /* PBXContainerItemProxy */;
		};
		1543149626C8CB0700223F54 /* PBXTargetDependency */ = {
			isa = PBXTargetDependency;
			target = 1543146F26C8CB0300223F54 /* FacebookClone1 */;
			targetProxy = 1543149526C8CB0700223F54 /* PBXContainerItemProxy */;
		};
/* End PBXTargetDependency section */

/* Begin PBXVariantGroup section */
		1543148126C8CB0700223F54 /* LaunchScreen.storyboard */ = {
			isa = PBXVariantGroup;
			children = (
				1543148226C8CB0700223F54 /* Base */,
			);
			name = LaunchScreen.storyboard;
			sourceTree = "<group>";
		};
/* End PBXVariantGroup section */

/* Begin XCBuildConfiguration section */
		1543149B26C8CB0700223F54 /* Debug */ = {
			isa = XCBuildConfiguration;
			buildSettings = {
				ALWAYS_SEARCH_USER_PATHS = NO;
				CLANG_ANALYZER_NONNULL = YES;
				CLANG_ANALYZER_NUMBER_OBJECT_CONVERSION = YES_AGGRESSIVE;
				CLANG_CXX_LANGUAGE_STANDARD = "gnu++14";
				CLANG_CXX_LIBRARY = "libc++";
				CLANG_ENABLE_MODULES = YES;
				CLANG_ENABLE_OBJC_ARC = YES;
				CLANG_ENABLE_OBJC_WEAK = YES;
				CLANG_WARN_BLOCK_CAPTURE_AUTORELEASING = YES;
				CLANG_WARN_BOOL_CONVERSION = YES;
				CLANG_WARN_COMMA = YES;
				CLANG_WARN_CONSTANT_CONVERSION = YES;
				CLANG_WARN_DEPRECATED_OBJC_IMPLEMENTATIONS = YES;
				CLANG_WARN_DIRECT_OBJC_ISA_USAGE = YES_ERROR;
				CLANG_WARN_DOCUMENTATION_COMMENTS = YES;
				CLANG_WARN_EMPTY_BODY = YES;
				CLANG_WARN_ENUM_CONVERSION = YES;
				CLANG_WARN_INFINITE_RECURSION = YES;
				CLANG_WARN_INT_CONVERSION = YES;
				CLANG_WARN_NON_LITERAL_NULL_CONVERSION = YES;
				CLANG_WARN_OBJC_IMPLICIT_RETAIN_SELF = YES;
				CLANG_WARN_OBJC_LITERAL_CONVERSION = YES;
				CLANG_WARN_OBJC_ROOT_CLASS = YES_ERROR;
				CLANG_WARN_QUOTED_INCLUDE_IN_FRAMEWORK_HEADER = YES;
				CLANG_WARN_RANGE_LOOP_ANALYSIS = YES;
				CLANG_WARN_STRICT_PROTOTYPES = YES;
				CLANG_WARN_SUSPICIOUS_MOVE = YES;
				CLANG_WARN_UNGUARDED_AVAILABILITY = YES_AGGRESSIVE;
				CLANG_WARN_UNREACHABLE_CODE = YES;
				CLANG_WARN__DUPLICATE_METHOD_MATCH = YES;
				COPY_PHASE_STRIP = NO;
				DEBUG_INFORMATION_FORMAT = dwarf;
				ENABLE_STRICT_OBJC_MSGSEND = YES;
				ENABLE_TESTABILITY = YES;
				GCC_C_LANGUAGE_STANDARD = gnu11;
				GCC_DYNAMIC_NO_PIC = NO;
				GCC_NO_COMMON_BLOCKS = YES;
				GCC_OPTIMIZATION_LEVEL = 0;
				GCC_PREPROCESSOR_DEFINITIONS = (
					"DEBUG=1",
					"$(inherited)",
				);
				GCC_WARN_64_TO_32_BIT_CONVERSION = YES;
				GCC_WARN_ABOUT_RETURN_TYPE = YES_ERROR;
				GCC_WARN_UNDECLARED_SELECTOR = YES;
				GCC_WARN_UNINITIALIZED_AUTOS = YES_AGGRESSIVE;
				GCC_WARN_UNUSED_FUNCTION = YES;
				GCC_WARN_UNUSED_VARIABLE = YES;
				IPHONEOS_DEPLOYMENT_TARGET = 14.5;
				MTL_ENABLE_DEBUG_INFO = INCLUDE_SOURCE;
				MTL_FAST_MATH = YES;
				ONLY_ACTIVE_ARCH = YES;
				SDKROOT = iphoneos;
				SWIFT_ACTIVE_COMPILATION_CONDITIONS = DEBUG;
				SWIFT_OPTIMIZATION_LEVEL = "-Onone";
			};
			name = Debug;
		};
		1543149C26C8CB0700223F54 /* Release */ = {
			isa = XCBuildConfiguration;
			buildSettings = {
				ALWAYS_SEARCH_USER_PATHS = NO;
				CLANG_ANALYZER_NONNULL = YES;
				CLANG_ANALYZER_NUMBER_OBJECT_CONVERSION = YES_AGGRESSIVE;
				CLANG_CXX_LANGUAGE_STANDARD = "gnu++14";
				CLANG_CXX_LIBRARY = "libc++";
				CLANG_ENABLE_MODULES = YES;
				CLANG_ENABLE_OBJC_ARC = YES;
				CLANG_ENABLE_OBJC_WEAK = YES;
				CLANG_WARN_BLOCK_CAPTURE_AUTORELEASING = YES;
				CLANG_WARN_BOOL_CONVERSION = YES;
				CLANG_WARN_COMMA = YES;
				CLANG_WARN_CONSTANT_CONVERSION = YES;
				CLANG_WARN_DEPRECATED_OBJC_IMPLEMENTATIONS = YES;
				CLANG_WARN_DIRECT_OBJC_ISA_USAGE = YES_ERROR;
				CLANG_WARN_DOCUMENTATION_COMMENTS = YES;
				CLANG_WARN_EMPTY_BODY = YES;
				CLANG_WARN_ENUM_CONVERSION = YES;
				CLANG_WARN_INFINITE_RECURSION = YES;
				CLANG_WARN_INT_CONVERSION = YES;
				CLANG_WARN_NON_LITERAL_NULL_CONVERSION = YES;
				CLANG_WARN_OBJC_IMPLICIT_RETAIN_SELF = YES;
				CLANG_WARN_OBJC_LITERAL_CONVERSION = YES;
				CLANG_WARN_OBJC_ROOT_CLASS = YES_ERROR;
				CLANG_WARN_QUOTED_INCLUDE_IN_FRAMEWORK_HEADER = YES;
				CLANG_WARN_RANGE_LOOP_ANALYSIS = YES;
				CLANG_WARN_STRICT_PROTOTYPES = YES;
				CLANG_WARN_SUSPICIOUS_MOVE = YES;
				CLANG_WARN_UNGUARDED_AVAILABILITY = YES_AGGRESSIVE;
				CLANG_WARN_UNREACHABLE_CODE = YES;
				CLANG_WARN__DUPLICATE_METHOD_MATCH = YES;
				COPY_PHASE_STRIP = NO;
				DEBUG_INFORMATION_FORMAT = "dwarf-with-dsym";
				ENABLE_NS_ASSERTIONS = NO;
				ENABLE_STRICT_OBJC_MSGSEND = YES;
				GCC_C_LANGUAGE_STANDARD = gnu11;
				GCC_NO_COMMON_BLOCKS = YES;
				GCC_WARN_64_TO_32_BIT_CONVERSION = YES;
				GCC_WARN_ABOUT_RETURN_TYPE = YES_ERROR;
				GCC_WARN_UNDECLARED_SELECTOR = YES;
				GCC_WARN_UNINITIALIZED_AUTOS = YES_AGGRESSIVE;
				GCC_WARN_UNUSED_FUNCTION = YES;
				GCC_WARN_UNUSED_VARIABLE = YES;
				IPHONEOS_DEPLOYMENT_TARGET = 14.5;
				MTL_ENABLE_DEBUG_INFO = NO;
				MTL_FAST_MATH = YES;
				SDKROOT = iphoneos;
				SWIFT_COMPILATION_MODE = wholemodule;
				SWIFT_OPTIMIZATION_LEVEL = "-O";
				VALIDATE_PRODUCT = YES;
			};
			name = Release;
		};
		1543149E26C8CB0700223F54 /* Debug */ = {
			isa = XCBuildConfiguration;
			buildSettings = {
				ASSETCATALOG_COMPILER_APPICON_NAME = AppIcon;
				ASSETCATALOG_COMPILER_GLOBAL_ACCENT_COLOR_NAME = AccentColor;
				CODE_SIGN_STYLE = Automatic;
				DEVELOPMENT_ASSET_PATHS = "\"FacebookClone1/Preview Content\"";
				ENABLE_PREVIEWS = YES;
				INFOPLIST_FILE = FacebookClone1/Info.plist;
				LD_RUNPATH_SEARCH_PATHS = (
					"$(inherited)",
					"@executable_path/Frameworks",
				);
				PRODUCT_BUNDLE_IDENTIFIER = Firdavs.FacebookClone1;
				PRODUCT_NAME = "$(TARGET_NAME)";
				SWIFT_VERSION = 5.0;
				TARGETED_DEVICE_FAMILY = "1,2";
			};
			name = Debug;
		};
		1543149F26C8CB0700223F54 /* Release */ = {
			isa = XCBuildConfiguration;
			buildSettings = {
				ASSETCATALOG_COMPILER_APPICON_NAME = AppIcon;
				ASSETCATALOG_COMPILER_GLOBAL_ACCENT_COLOR_NAME = AccentColor;
				CODE_SIGN_STYLE = Automatic;
				DEVELOPMENT_ASSET_PATHS = "\"FacebookClone1/Preview Content\"";
				ENABLE_PREVIEWS = YES;
				INFOPLIST_FILE = FacebookClone1/Info.plist;
				LD_RUNPATH_SEARCH_PATHS = (
					"$(inherited)",
					"@executable_path/Frameworks",
				);
				PRODUCT_BUNDLE_IDENTIFIER = Firdavs.FacebookClone1;
				PRODUCT_NAME = "$(TARGET_NAME)";
				SWIFT_VERSION = 5.0;
				TARGETED_DEVICE_FAMILY = "1,2";
			};
			name = Release;
		};
		154314A126C8CB0700223F54 /* Debug */ = {
			isa = XCBuildConfiguration;
			buildSettings = {
				ALWAYS_EMBED_SWIFT_STANDARD_LIBRARIES = YES;
				BUNDLE_LOADER = "$(TEST_HOST)";
				CODE_SIGN_STYLE = Automatic;
				INFOPLIST_FILE = FacebookClone1Tests/Info.plist;
				IPHONEOS_DEPLOYMENT_TARGET = 14.5;
				LD_RUNPATH_SEARCH_PATHS = (
					"$(inherited)",
					"@executable_path/Frameworks",
					"@loader_path/Frameworks",
				);
				PRODUCT_BUNDLE_IDENTIFIER = Firdavs.FacebookClone1Tests;
				PRODUCT_NAME = "$(TARGET_NAME)";
				SWIFT_VERSION = 5.0;
				TARGETED_DEVICE_FAMILY = "1,2";
				TEST_HOST = "$(BUILT_PRODUCTS_DIR)/FacebookClone1.app/FacebookClone1";
			};
			name = Debug;
		};
		154314A226C8CB0700223F54 /* Release */ = {
			isa = XCBuildConfiguration;
			buildSettings = {
				ALWAYS_EMBED_SWIFT_STANDARD_LIBRARIES = YES;
				BUNDLE_LOADER = "$(TEST_HOST)";
				CODE_SIGN_STYLE = Automatic;
				INFOPLIST_FILE = FacebookClone1Tests/Info.plist;
				IPHONEOS_DEPLOYMENT_TARGET = 14.5;
				LD_RUNPATH_SEARCH_PATHS = (
					"$(inherited)",
					"@executable_path/Frameworks",
					"@loader_path/Frameworks",
				);
				PRODUCT_BUNDLE_IDENTIFIER = Firdavs.FacebookClone1Tests;
				PRODUCT_NAME = "$(TARGET_NAME)";
				SWIFT_VERSION = 5.0;
				TARGETED_DEVICE_FAMILY = "1,2";
				TEST_HOST = "$(BUILT_PRODUCTS_DIR)/FacebookClone1.app/FacebookClone1";
			};
			name = Release;
		};
		154314A426C8CB0700223F54 /* Debug */ = {
			isa = XCBuildConfiguration;
			buildSettings = {
				ALWAYS_EMBED_SWIFT_STANDARD_LIBRARIES = YES;
				CODE_SIGN_STYLE = Automatic;
				INFOPLIST_FILE = FacebookClone1UITests/Info.plist;
				LD_RUNPATH_SEARCH_PATHS = (
					"$(inherited)",
					"@executable_path/Frameworks",
					"@loader_path/Frameworks",
				);
				PRODUCT_BUNDLE_IDENTIFIER = Firdavs.FacebookClone1UITests;
				PRODUCT_NAME = "$(TARGET_NAME)";
				SWIFT_VERSION = 5.0;
				TARGETED_DEVICE_FAMILY = "1,2";
				TEST_TARGET_NAME = FacebookClone1;
			};
			name = Debug;
		};
		154314A526C8CB0700223F54 /* Release */ = {
			isa = XCBuildConfiguration;
			buildSettings = {
				ALWAYS_EMBED_SWIFT_STANDARD_LIBRARIES = YES;
				CODE_SIGN_STYLE = Automatic;
				INFOPLIST_FILE = FacebookClone1UITests/Info.plist;
				LD_RUNPATH_SEARCH_PATHS = (
					"$(inherited)",
					"@executable_path/Frameworks",
					"@loader_path/Frameworks",
				);
				PRODUCT_BUNDLE_IDENTIFIER = Firdavs.FacebookClone1UITests;
				PRODUCT_NAME = "$(TARGET_NAME)";
				SWIFT_VERSION = 5.0;
				TARGETED_DEVICE_FAMILY = "1,2";
				TEST_TARGET_NAME = FacebookClone1;
			};
			name = Release;
		};
/* End XCBuildConfiguration section */

/* Begin XCConfigurationList section */
		1543146B26C8CB0200223F54 /* Build configuration list for PBXProject "FacebookClone1" */ = {
			isa = XCConfigurationList;
			buildConfigurations = (
				1543149B26C8CB0700223F54 /* Debug */,
				1543149C26C8CB0700223F54 /* Release */,
			);
			defaultConfigurationIsVisible = 0;
			defaultConfigurationName = Release;
		};
		1543149D26C8CB0700223F54 /* Build configuration list for PBXNativeTarget "FacebookClone1" */ = {
			isa = XCConfigurationList;
			buildConfigurations = (
				1543149E26C8CB0700223F54 /* Debug */,
				1543149F26C8CB0700223F54 /* Release */,
			);
			defaultConfigurationIsVisible = 0;
			defaultConfigurationName = Release;
		};
		154314A026C8CB0700223F54 /* Build configuration list for PBXNativeTarget "FacebookClone1Tests" */ = {
			isa = XCConfigurationList;
			buildConfigurations = (
				154314A126C8CB0700223F54 /* Debug */,
				154314A226C8CB0700223F54 /* Release */,
			);
			defaultConfigurationIsVisible = 0;
			defaultConfigurationName = Release;
		};
		154314A326C8CB0700223F54 /* Build configuration list for PBXNativeTarget "FacebookClone1UITests" */ = {
			isa = XCConfigurationList;
			buildConfigurations = (
				154314A426C8CB0700223F54 /* Debug */,
				154314A526C8CB0700223F54 /* Release */,
			);
			defaultConfigurationIsVisible = 0;
			defaultConfigurationName = Release;
		};
/* End XCConfigurationList section */

/* Begin XCVersionGroup section */
		1543147926C8CB0300223F54 /* FacebookClone1.xcdatamodeld */ = {
			isa = XCVersionGroup;
			children = (
				1543147A26C8CB0300223F54 /* FacebookClone1.xcdatamodel */,
			);
			currentVersion = 1543147A26C8CB0300223F54 /* FacebookClone1.xcdatamodel */;
			path = FacebookClone1.xcdatamodeld;
			sourceTree = "<group>";
			versionGroupType = wrapper.xcdatamodel;
		};
/* End XCVersionGroup section */
	};
	rootObject = 1543146826C8CB0200223F54 /* Project object */;
}
